
Microsoft Visual Studio Solution File, Format Version 12.00
# Visual Studio Version 17
VisualStudioVersion = 17.5.33414.496
MinimumVisualStudioVersion = 10.0.40219.1
Project("{2150E333-8FDC-42A3-9474-1A3956D46DE8}") = "Home_work_1", "Home_work_1", "{BA205631-D1D7-48EC-B848-85A377BC0413}"
EndProject
Project("{2150E333-8FDC-42A3-9474-1A3956D46DE8}") = "Home_work_2", "Home_work_2", "{39CA3F27-26DA-4FAB-BAC2-6EF0A0BB690D}"
EndProject
Project("{2150E333-8FDC-42A3-9474-1A3956D46DE8}") = "Home_work_3", "Home_work_3", "{C949DD79-7982-4A47-A59D-D881841B2699}"
EndProject
Project("{9A19103F-16F7-4668-BE54-9A1E7A4F7556}") = "Home_Task_2", "Home_Work_3\Home_Task_2\Home_Task_2.csproj", "{7EC327BB-6E3E-435C-BA89-E7AEE17CBFC0}"
EndProject
Project("{9A19103F-16F7-4668-BE54-9A1E7A4F7556}") = "Task_1_HW_1", "Home_Work_1\Task_1_HW_1\Task_1_HW_1.csproj", "{BF6A42E1-534F-42DC-B817-72299994626C}"
EndProject
Project("{9A19103F-16F7-4668-BE54-9A1E7A4F7556}") = "Task_2_HW_1", "Home_Work_1\Task_2_HW_1\Task_2_HW_1.csproj", "{2811FB8E-F49F-4AEE-84C4-B070A16C3A99}"
EndProject
Project("{9A19103F-16F7-4668-BE54-9A1E7A4F7556}") = "Task_3_HW_1", "Home_Work_1\Task_3_HW_1\Task_3_HW_1.csproj", "{5A11C604-8130-42F1-B62F-062FE2C7C008}"
EndProject
Project("{9A19103F-16F7-4668-BE54-9A1E7A4F7556}") = "Task_1_HW_2", "Home_Work_2\Task_1_HW_2\Task_1_HW_2.csproj", "{78210DCB-AA45-4B4C-AFEC-1C7ADB303E70}"
EndProject
Global
	GlobalSection(SolutionConfigurationPlatforms) = preSolution
		Debug|Any CPU = Debug|Any CPU
		Release|Any CPU = Release|Any CPU
	EndGlobalSection
	GlobalSection(ProjectConfigurationPlatforms) = postSolution
		{7EC327BB-6E3E-435C-BA89-E7AEE17CBFC0}.Debug|Any CPU.ActiveCfg = Debug|Any CPU
		{7EC327BB-6E3E-435C-BA89-E7AEE17CBFC0}.Debug|Any CPU.Build.0 = Debug|Any CPU
		{7EC327BB-6E3E-435C-BA89-E7AEE17CBFC0}.Release|Any CPU.ActiveCfg = Release|Any CPU
		{7EC327BB-6E3E-435C-BA89-E7AEE17CBFC0}.Release|Any CPU.Build.0 = Release|Any CPU
		{BF6A42E1-534F-42DC-B817-72299994626C}.Debug|Any CPU.ActiveCfg = Debug|Any CPU
		{BF6A42E1-534F-42DC-B817-72299994626C}.Debug|Any CPU.Build.0 = Debug|Any CPU
		{BF6A42E1-534F-42DC-B817-72299994626C}.Release|Any CPU.ActiveCfg = Release|Any CPU
		{BF6A42E1-534F-42DC-B817-72299994626C}.Release|Any CPU.Build.0 = Release|Any CPU
		{2811FB8E-F49F-4AEE-84C4-B070A16C3A99}.Debug|Any CPU.ActiveCfg = Debug|Any CPU
		{2811FB8E-F49F-4AEE-84C4-B070A16C3A99}.Debug|Any CPU.Build.0 = Debug|Any CPU
		{2811FB8E-F49F-4AEE-84C4-B070A16C3A99}.Release|Any CPU.ActiveCfg = Release|Any CPU
		{2811FB8E-F49F-4AEE-84C4-B070A16C3A99}.Release|Any CPU.Build.0 = Release|Any CPU
		{5A11C604-8130-42F1-B62F-062FE2C7C008}.Debug|Any CPU.ActiveCfg = Debug|Any CPU
		{5A11C604-8130-42F1-B62F-062FE2C7C008}.Debug|Any CPU.Build.0 = Debug|Any CPU
		{5A11C604-8130-42F1-B62F-062FE2C7C008}.Release|Any CPU.ActiveCfg = Release|Any CPU
		{5A11C604-8130-42F1-B62F-062FE2C7C008}.Release|Any CPU.Build.0 = Release|Any CPU
		{78210DCB-AA45-4B4C-AFEC-1C7ADB303E70}.Debug|Any CPU.ActiveCfg = Debug|Any CPU
		{78210DCB-AA45-4B4C-AFEC-1C7ADB303E70}.Debug|Any CPU.Build.0 = Debug|Any CPU
		{78210DCB-AA45-4B4C-AFEC-1C7ADB303E70}.Release|Any CPU.ActiveCfg = Release|Any CPU
		{78210DCB-AA45-4B4C-AFEC-1C7ADB303E70}.Release|Any CPU.Build.0 = Release|Any CPU
	EndGlobalSection
	GlobalSection(SolutionProperties) = preSolution
		HideSolutionNode = FALSE
	EndGlobalSection
	GlobalSection(NestedProjects) = preSolution
		{7EC327BB-6E3E-435C-BA89-E7AEE17CBFC0} = {C949DD79-7982-4A47-A59D-D881841B2699}
		{BF6A42E1-534F-42DC-B817-72299994626C} = {BA205631-D1D7-48EC-B848-85A377BC0413}
		{2811FB8E-F49F-4AEE-84C4-B070A16C3A99} = {BA205631-D1D7-48EC-B848-85A377BC0413}
		{5A11C604-8130-42F1-B62F-062FE2C7C008} = {BA205631-D1D7-48EC-B848-85A377BC0413}
		{78210DCB-AA45-4B4C-AFEC-1C7ADB303E70} = {39CA3F27-26DA-4FAB-BAC2-6EF0A0BB690D}
	EndGlobalSection
	GlobalSection(ExtensibilityGlobals) = postSolution
		SolutionGuid = {687B920C-3BF3-437C-88FB-DDC3A442E319}
	EndGlobalSection
EndGlobal
